
Microsoft Visual Studio Solution File, Format Version 12.00
# Visual Studio 15
VisualStudioVersion = 15.0.28307.271
MinimumVisualStudioVersion = 10.0.40219.1
Project("{FAE04EC0-301F-11D3-BF4B-00C04F79EFBC}") = "Marco.AspNetCore.ViewComponent", "Marco.AspNetCore.ViewComponent\Marco.AspNetCore.ViewComponent.csproj", "{B18ABB16-D902-40DF-ABA0-F1EC6254352C}"
EndProject
Global
	GlobalSection(SolutionConfigurationPlatforms) = preSolution
		Debug|Any CPU = Debug|Any CPU
		Release|Any CPU = Release|Any CPU
	EndGlobalSection
	GlobalSection(ProjectConfigurationPlatforms) = postSolution
		{B18ABB16-D902-40DF-ABA0-F1EC6254352C}.Debug|Any CPU.ActiveCfg = Debug|Any CPU
		{B18ABB16-D902-40DF-ABA0-F1EC6254352C}.Debug|Any CPU.Build.0 = Debug|Any CPU
		{B18ABB16-D902-40DF-ABA0-F1EC6254352C}.Release|Any CPU.ActiveCfg = Release|Any CPU
		{B18ABB16-D902-40DF-ABA0-F1EC6254352C}.Release|Any CPU.Build.0 = Release|Any CPU
	EndGlobalSection
	GlobalSection(SolutionProperties) = preSolution
		HideSolutionNode = FALSE
	EndGlobalSection
	GlobalSection(ExtensibilityGlobals) = postSolution
		SolutionGuid = {0FC16F1B-1E12-4A49-9EAB-77CE0043E9A5}
	EndGlobalSection
EndGlobal
